
Microsoft Visual Studio Solution File, Format Version 12.00
# Visual Studio 14
VisualStudioVersion = 14.0.24720.0
MinimumVisualStudioVersion = 10.0.40219.1
Project("{FAE04EC0-301F-11D3-BF4B-00C04F79EFBC}") = "WorkoutLogger", "WorkoutLogger\WorkoutLogger.csproj", "{BF5B7BA4-8016-4F27-A535-A1960313C0CC}"
EndProject
Project("{FAE04EC0-301F-11D3-BF4B-00C04F79EFBC}") = "WorkoutLogger.Tests", "WorkoutLogger.Tests\WorkoutLogger.Tests.csproj", "{7095721D-5F7B-4FB8-91DE-C164BDB1E776}"
EndProject
Global
	GlobalSection(SolutionConfigurationPlatforms) = preSolution
		Debug|Any CPU = Debug|Any CPU
		Release|Any CPU = Release|Any CPU
	EndGlobalSection
	GlobalSection(ProjectConfigurationPlatforms) = postSolution
		{BF5B7BA4-8016-4F27-A535-A1960313C0CC}.Debug|Any CPU.ActiveCfg = Debug|Any CPU
		{BF5B7BA4-8016-4F27-A535-A1960313C0CC}.Debug|Any CPU.Build.0 = Debug|Any CPU
		{BF5B7BA4-8016-4F27-A535-A1960313C0CC}.Release|Any CPU.ActiveCfg = Release|Any CPU
		{BF5B7BA4-8016-4F27-A535-A1960313C0CC}.Release|Any CPU.Build.0 = Release|Any CPU
		{7095721D-5F7B-4FB8-91DE-C164BDB1E776}.Debug|Any CPU.ActiveCfg = Debug|Any CPU
		{7095721D-5F7B-4FB8-91DE-C164BDB1E776}.Debug|Any CPU.Build.0 = Debug|Any CPU
		{7095721D-5F7B-4FB8-91DE-C164BDB1E776}.Release|Any CPU.ActiveCfg = Release|Any CPU
		{7095721D-5F7B-4FB8-91DE-C164BDB1E776}.Release|Any CPU.Build.0 = Release|Any CPU
	EndGlobalSection
	GlobalSection(SolutionProperties) = preSolution
		HideSolutionNode = FALSE
	EndGlobalSection
EndGlobal
